
Microsoft Visual Studio Solution File, Format Version 12.00
# Visual Studio 2015
Project("{FAE04EC0-301F-11D3-BF4B-00C04F79EFBC}") = "ThesisProject.CSharp.Plugins", "ThesisProject.CSharp.Plugins.csproj", "{8CB418C1-897A-E418-E05D-CB7C4F9EF1A5}"
EndProject
Project("{FAE04EC0-301F-11D3-BF4B-00C04F79EFBC}") = "ThesisProject.CSharp", "ThesisProject.CSharp.csproj", "{A50EA960-AA98-2EF1-E217-7169EA190FED}"
EndProject
Project("{FAE04EC0-301F-11D3-BF4B-00C04F79EFBC}") = "ThesisProject.CSharp.Editor", "ThesisProject.CSharp.Editor.csproj", "{0CDCA06B-6E50-D165-D508-0D364EF356F0}"
EndProject
Global
	GlobalSection(SolutionConfigurationPlatforms) = preSolution
		Debug|Any CPU = Debug|Any CPU
		Release|Any CPU = Release|Any CPU
	EndGlobalSection
	GlobalSection(ProjectConfigurationPlatforms) = postSolution
		{8CB418C1-897A-E418-E05D-CB7C4F9EF1A5}.Debug|Any CPU.ActiveCfg = Debug|Any CPU
		{8CB418C1-897A-E418-E05D-CB7C4F9EF1A5}.Debug|Any CPU.Build.0 = Debug|Any CPU
		{8CB418C1-897A-E418-E05D-CB7C4F9EF1A5}.Release|Any CPU.ActiveCfg = Release|Any CPU
		{8CB418C1-897A-E418-E05D-CB7C4F9EF1A5}.Release|Any CPU.Build.0 = Release|Any CPU
		{A50EA960-AA98-2EF1-E217-7169EA190FED}.Debug|Any CPU.ActiveCfg = Debug|Any CPU
		{A50EA960-AA98-2EF1-E217-7169EA190FED}.Debug|Any CPU.Build.0 = Debug|Any CPU
		{A50EA960-AA98-2EF1-E217-7169EA190FED}.Release|Any CPU.ActiveCfg = Release|Any CPU
		{A50EA960-AA98-2EF1-E217-7169EA190FED}.Release|Any CPU.Build.0 = Release|Any CPU
		{0CDCA06B-6E50-D165-D508-0D364EF356F0}.Debug|Any CPU.ActiveCfg = Debug|Any CPU
		{0CDCA06B-6E50-D165-D508-0D364EF356F0}.Debug|Any CPU.Build.0 = Debug|Any CPU
		{0CDCA06B-6E50-D165-D508-0D364EF356F0}.Release|Any CPU.ActiveCfg = Release|Any CPU
		{0CDCA06B-6E50-D165-D508-0D364EF356F0}.Release|Any CPU.Build.0 = Release|Any CPU
	EndGlobalSection
	GlobalSection(SolutionProperties) = preSolution
		HideSolutionNode = FALSE
	EndGlobalSection
EndGlobal
